<?xml version="1.0" encoding="utf-8"?>
<Project ToolsVersion="4.0" xmlns="http://schemas.microsoft.com/developer/msbuild/2003">
  <ItemGroup>
    <Filter Include="Source Files">
      <UniqueIdentifier>{4FC737F1-C7A5-4376-A066-2A32D752A2FF}</UniqueIdentifier>
      <Extensions>cpp;cxx;c;def</Extensions>
    </Filter>
    <Filter Include="Header Files">
      <UniqueIdentifier>{93995380-89BD-4b04-88EB-625FBE52EBFB}</UniqueIdentifier>
      <Extensions>h</Extensions>
    </Filter>
    <Filter Include="Form Files">
      <UniqueIdentifier>{99349809-55BA-4b9d-BF79-8FDBB0286EB3}</UniqueIdentifier>
      <Extensions>ui</Extensions>
    </Filter>
    <Filter Include="Resource Files">
      <UniqueIdentifier>{D9D6E242-F8AF-46E4-B9FD-80ECBC20BA3E}</UniqueIdentifier>
      <Extensions>qrc;*</Extensions>
      <ParseFiles>false</ParseFiles>
    </Filter>
    <Filter Include="Generated Files">
      <UniqueIdentifier>{71ED8ED8-ACB9-4CE9-BBE1-E00B30144E11}</UniqueIdentifier>
      <Extensions>moc;h;cpp</Extensions>
      <SourceControlFiles>False</SourceControlFiles>
    </Filter>
    <Filter Include="Generated Files\Debug">
      <UniqueIdentifier>{c0146ae4-3f8d-4286-bc2f-6b0621c1eb36}</UniqueIdentifier>
      <Extensions>cpp;moc</Extensions>
      <SourceControlFiles>False</SourceControlFiles>
    </Filter>
    <Filter Include="Generated Files\Release">
      <UniqueIdentifier>{ed7c4dbd-9945-4efc-85cd-d4356e355a8e}</UniqueIdentifier>
      <Extensions>cpp;moc</Extensions>
      <SourceControlFiles>False</SourceControlFiles>
    </Filter>
    <Filter Include="tools">
      <UniqueIdentifier>{3fa66114-1000-43fd-bd8d-07818f75278a}</UniqueIdentifier>
    </Filter>
  </ItemGroup>
  <ItemGroup>
    <ClCompile Include="main.cpp">
      <Filter>Source Files</Filter>
    </ClCompile>
    <ClCompile Include="test_draw.cpp">
      <Filter>Source Files</Filter>
    </ClCompile>
    <ClCompile Include="ddrawwidget.cpp">
      <Filter>Source Files</Filter>
    </ClCompile>
    <ClCompile Include="ddlgitem.cpp">
      <Filter>Source Files</Filter>
    </ClCompile>
    <ClCompile Include="dleaddatas.cpp">
      <Filter>Source Files</Filter>
    </ClCompile>
    <ClCompile Include="qitemtoolbardlg.cpp">
      <Filter>Source Files</Filter>
    </ClCompile>
    <ClCompile Include="dtoolbarbtn.cpp">
      <Filter>Source Files</Filter>
    </ClCompile>
    <ClCompile Include="dtoolbarbattery.cpp">
      <Filter>Source Files</Filter>
    </ClCompile>
    <ClCompile Include="dtoolbarsignal.cpp">
      <Filter>Source Files</Filter>
    </ClCompile>
    <ClCompile Include="dtoolbarlable.cpp">
      <Filter>Source Files</Filter>
    </ClCompile>
    <ClCompile Include="GeneratedFiles\Debug\moc_dtoolbarlable.cpp">
      <Filter>Generated Files\Debug</Filter>
    </ClCompile>
    <ClCompile Include="GeneratedFiles\Release\moc_dtoolbarlable.cpp">
      <Filter>Generated Files\Release</Filter>
    </ClCompile>
    <ClCompile Include="DCodeHelper.cpp">
      <Filter>Source Files</Filter>
    </ClCompile>
    <ClCompile Include="GeneratedFiles\Debug\moc_qitemtoolbardlg.cpp">
      <Filter>Generated Files\Debug</Filter>
    </ClCompile>
    <ClCompile Include="GeneratedFiles\Release\moc_qitemtoolbardlg.cpp">
      <Filter>Generated Files\Release</Filter>
    </ClCompile>
    <ClCompile Include="dtesttable.cpp">
      <Filter>Source Files</Filter>
    </ClCompile>
    <ClCompile Include="GeneratedFiles\Debug\moc_dtesttable.cpp">
      <Filter>Generated Files\Debug</Filter>
    </ClCompile>
    <ClCompile Include="GeneratedFiles\Release\moc_dtesttable.cpp">
      <Filter>Generated Files\Release</Filter>
    </ClCompile>
    <ClCompile Include="GeneratedFiles\Debug\moc_test_draw.cpp">
      <Filter>Generated Files\Debug</Filter>
    </ClCompile>
    <ClCompile Include="GeneratedFiles\Release\moc_test_draw.cpp">
      <Filter>Generated Files\Release</Filter>
    </ClCompile>
    <ClCompile Include="GeneratedFiles\Debug\moc_ddrawwidget.cpp">
      <Filter>Generated Files\Debug</Filter>
    </ClCompile>
    <ClCompile Include="GeneratedFiles\Release\moc_ddrawwidget.cpp">
      <Filter>Generated Files\Release</Filter>
    </ClCompile>
    <ClCompile Include="DBoxSocket.cpp">
      <Filter>Source Files</Filter>
    </ClCompile>
    <ClCompile Include="DOptDB.cpp">
      <Filter>Source Files</Filter>
    </ClCompile>
    <ClCompile Include="sqlite3.c">
      <Filter>Source Files</Filter>
    </ClCompile>
    <ClCompile Include="DBitOptor.cpp">
      <Filter>Source Files</Filter>
    </ClCompile>
    <ClCompile Include="GeneratedFiles\Debug\moc_ddlgitem.cpp">
      <Filter>Generated Files\Debug</Filter>
    </ClCompile>
    <ClCompile Include="GeneratedFiles\Release\moc_ddlgitem.cpp">
      <Filter>Generated Files\Release</Filter>
    </ClCompile>
    <ClCompile Include="DParseData.cpp">
      <Filter>Source Files</Filter>
    </ClCompile>
    <ClCompile Include="DLoginServer.cpp">
      <Filter>Source Files</Filter>
    </ClCompile>
    <ClCompile Include="DData.cpp">
      <Filter>Source Files</Filter>
    </ClCompile>
    <ClCompile Include="DOperXML.cpp">
      <Filter>Source Files</Filter>
    </ClCompile>
    <ClCompile Include="..\tools\DLogger.cpp">
      <Filter>tools</Filter>
    </ClCompile>
    <ClCompile Include="DMonitorBox.cpp">
      <Filter>Source Files</Filter>
    </ClCompile>
    <ClCompile Include="DTileBar.cpp">
      <Filter>Source Files</Filter>
    </ClCompile>
    <ClCompile Include="GeneratedFiles\Debug\moc_DTileBar.cpp">
      <Filter>Generated Files\Debug</Filter>
    </ClCompile>
    <ClCompile Include="GeneratedFiles\Release\moc_DTileBar.cpp">
      <Filter>Generated Files\Release</Filter>
    </ClCompile>
    <ClCompile Include="DMainWindow.cpp">
      <Filter>Source Files</Filter>
    </ClCompile>
    <ClCompile Include="GeneratedFiles\Debug\moc_DMainWindow.cpp">
      <Filter>Generated Files\Debug</Filter>
    </ClCompile>
    <ClCompile Include="GeneratedFiles\Release\moc_DMainWindow.cpp">
      <Filter>Generated Files\Release</Filter>
    </ClCompile>
    <ClCompile Include="DBaseWindow.cpp">
      <Filter>Source Files</Filter>
    </ClCompile>
    <ClCompile Include="GeneratedFiles\Debug\moc_DBaseWindow.cpp">
      <Filter>Generated Files\Debug</Filter>
    </ClCompile>
    <ClCompile Include="GeneratedFiles\Release\moc_DBaseWindow.cpp">
      <Filter>Generated Files\Release</Filter>
    </ClCompile>
    <ClCompile Include="DStateBar.cpp">
      <Filter>Source Files</Filter>
    </ClCompile>
    <ClCompile Include="GeneratedFiles\Debug\moc_DStateBar.cpp">
      <Filter>Generated Files\Debug</Filter>
    </ClCompile>
    <ClCompile Include="GeneratedFiles\Release\moc_DStateBar.cpp">
      <Filter>Generated Files\Release</Filter>
    </ClCompile>
    <ClCompile Include="dtoolbar.cpp">
      <Filter>Source Files</Filter>
    </ClCompile>
    <ClCompile Include="GeneratedFiles\Debug\moc_dtoolbar.cpp">
      <Filter>Generated Files\Debug</Filter>
    </ClCompile>
    <ClCompile Include="GeneratedFiles\Release\moc_dtoolbar.cpp">
      <Filter>Generated Files\Release</Filter>
    </ClCompile>
    <ClCompile Include="DBoxManager.cpp">
      <Filter>Source Files</Filter>
    </ClCompile>
    <ClCompile Include="DTestListWidget.cpp">
      <Filter>Source Files</Filter>
    </ClCompile>
    <ClCompile Include="DTestCurContrl.cpp">
      <Filter>Source Files</Filter>
    </ClCompile>
    <ClCompile Include="DUI_test.cpp">
      <Filter>Source Files</Filter>
    </ClCompile>
  </ItemGroup>
  <ItemGroup>
    <QtUic Include="test_draw.ui">
      <Filter>Form Files</Filter>
    </QtUic>
    <QtRcc Include="test_draw.qrc">
      <Filter>Resource Files</Filter>
    </QtRcc>
    <QtUic Include="ddrawwidget.ui">
      <Filter>Form Files</Filter>
    </QtUic>
    <QtUic Include="ddlgitem.ui">
      <Filter>Form Files</Filter>
    </QtUic>
    <CustomBuild Include="dleaddatas.h">
      <Filter>Header Files</Filter>
    </CustomBuild>
    <QtUic Include="qitemtoolbardlg.ui">
      <Filter>Form Files</Filter>
    </QtUic>
    <QtMoc Include="dtoolbarbtn.h">
      <Filter>Header Files</Filter>
    </QtMoc>
    <QtUic Include="dtoolbarbtn.ui">
      <Filter>Form Files</Filter>
    </QtUic>
    <QtMoc Include="dtoolbarbattery.h">
      <Filter>Header Files</Filter>
    </QtMoc>
    <QtUic Include="dtoolbarbattery.ui">
      <Filter>Form Files</Filter>
    </QtUic>
    <QtMoc Include="dtoolbarsignal.h">
      <Filter>Header Files</Filter>
    </QtMoc>
    <QtUic Include="dtoolbarsignal.ui">
      <Filter>Form Files</Filter>
    </QtUic>
    <QtUic Include="dtoolbarlable.ui">
      <Filter>Form Files</Filter>
    </QtUic>
    <QtUic Include="DTestListWidget.ui">
      <Filter>Form Files</Filter>
    </QtUic>
    <QtUic Include="DTestCurContrl.ui">
      <Filter>Form Files</Filter>
    </QtUic>
    <QtUic Include="DUI_test.ui">
      <Filter>Form Files</Filter>
    </QtUic>
  </ItemGroup>
  <ItemGroup>
    <ClInclude Include="GeneratedFiles\ui_test_draw.h">
      <Filter>Generated Files</Filter>
    </ClInclude>
    <ClInclude Include="GeneratedFiles\ui_ddrawwidget.h">
      <Filter>Generated Files</Filter>
    </ClInclude>
    <ClInclude Include="GeneratedFiles\ui_ddlgitem.h">
      <Filter>Generated Files</Filter>
    </ClInclude>
    <ClInclude Include="GeneratedFiles\ui_qitemtoolbardlg.h">
      <Filter>Generated Files</Filter>
    </ClInclude>
    <ClInclude Include="GeneratedFiles\ui_dtoolbarbtn.h">
      <Filter>Generated Files</Filter>
    </ClInclude>
    <ClInclude Include="GeneratedFiles\ui_dtoolbarbattery.h">
      <Filter>Generated Files</Filter>
    </ClInclude>
    <ClInclude Include="GeneratedFiles\ui_dtoolbarsignal.h">
      <Filter>Generated Files</Filter>
    </ClInclude>
    <ClInclude Include="DCodeHelper.h">
      <Filter>Header Files</Filter>
    </ClInclude>
    <ClInclude Include="GeneratedFiles\ui_dtesttable.h">
      <Filter>Generated Files</Filter>
    </ClInclude>
    <ClInclude Include="DBoxSocket.h">
      <Filter>Header Files</Filter>
    </ClInclude>
    <ClInclude Include="DOptDB.h">
      <Filter>Header Files</Filter>
    </ClInclude>
    <ClInclude Include="sqlite3.h">
      <Filter>Header Files</Filter>
    </ClInclude>
    <ClInclude Include="sqlite3ext.h">
      <Filter>Header Files</Filter>
    </ClInclude>
    <ClInclude Include="DBitOptor.h">
      <Filter>Header Files</Filter>
    </ClInclude>
    <ClInclude Include="DParseData.h">
      <Filter>Header Files</Filter>
    </ClInclude>
    <ClInclude Include="DLoginServer.h">
      <Filter>Header Files</Filter>
    </ClInclude>
    <ClInclude Include="DData.h">
      <Filter>Header Files</Filter>
    </ClInclude>
    <ClInclude Include="DOperXML.h">
      <Filter>Header Files</Filter>
    </ClInclude>
    <ClInclude Include="..\tools\DLogger.h">
      <Filter>tools</Filter>
    </ClInclude>
    <ClInclude Include="DMonitorBox.h">
      <Filter>Header Files</Filter>
    </ClInclude>
    <ClInclude Include="GeneratedFiles\ui_DMainWindow.h">
      <Filter>Generated Files</Filter>
    </ClInclude>
    <ClInclude Include="DBoxManager.h">
      <Filter>Header Files</Filter>
    </ClInclude>
  </ItemGroup>
  <ItemGroup>
    <CustomBuild Include="dtoolbarlable.h">
      <Filter>Header Files</Filter>
    </CustomBuild>
    <CustomBuild Include="qitemtoolbardlg.h">
      <Filter>Header Files</Filter>
    </CustomBuild>
    <CustomBuild Include="dtesttable.h">
      <Filter>Header Files</Filter>
    </CustomBuild>
    <CustomBuild Include="dtesttable.ui">
      <Filter>Form Files</Filter>
    </CustomBuild>
    <CustomBuild Include="test_draw.h">
      <Filter>Header Files</Filter>
    </CustomBuild>
    <CustomBuild Include="ddrawwidget.h">
      <Filter>Header Files</Filter>
    </CustomBuild>
    <CustomBuild Include="ddlgitem.h">
      <Filter>Header Files</Filter>
    </CustomBuild>
    <CustomBuild Include="DTileBar.h">
      <Filter>Header Files</Filter>
    </CustomBuild>
    <CustomBuild Include="DMainWindow.h">
      <Filter>Header Files</Filter>
    </CustomBuild>
    <CustomBuild Include="DMainWindow.ui">
      <Filter>Form Files</Filter>
    </CustomBuild>
    <CustomBuild Include="DBaseWindow.h">
      <Filter>Header Files</Filter>
    </CustomBuild>
    <CustomBuild Include="DStateBar.h">
      <Filter>Header Files</Filter>
    </CustomBuild>
    <CustomBuild Include="dtoolbar.h">
      <Filter>Header Files</Filter>
    </CustomBuild>
  </ItemGroup>
  <ItemGroup>
    <Natvis Include="NatvisFile.natvis" />
  </ItemGroup>
  <ItemGroup>
    <QtMoc Include="DTestListWidget.h">
      <Filter>Header Files</Filter>
    </QtMoc>
    <QtMoc Include="DTestCurContrl.h">
      <Filter>Header Files</Filter>
    </QtMoc>
    <QtMoc Include="DUI_test.h">
      <Filter>Header Files</Filter>
    </QtMoc>
  </ItemGroup>
</Project>